{
	"name": "psi_evolution",
	"version": "1.0.0",
	"lockfileVersion": 3,
	"requires": true,
	"packages": {
		"": {
			"name": "psi_evolution",
			"version": "1.0.0",
			"license": "MIT",
			"dependencies": {
				"@fastify/cors": "^11.1.0",
				"@fastify/formbody": "^8.0.2",
				"@paralleldrive/cuid2": "^2.2.2",
				"@types/node": "^25.2.1",
				"argon2": "^0.44.0",
				"dayjs": "^1.11.18",
				"dotenv": "^17.2.3",
				"drizzle-orm": "^0.45.1",
				"fastify": "^5.6.1",
				"fastify-type-provider-zod": "^6.0.0",
				"jsonwebtoken": "^9.0.2",
				"pg": "^8.16.3",
				"postgres": "^3.4.7",
				"ts-node": "^10.9.2",
				"tsx": "^4.20.6",
				"typescript": "^5.9.2",
				"zod": "^4.3.6",
				"zod-to-json-schema": "^3.25.1"
			},
			"devDependencies": {
				"@biomejs/biome": "^2.2.5",
				"@types/pg": "^8.15.5",
				"drizzle-kit": "^0.31.5"
			}
		},
		"node_modules/@biomejs/biome": {
			"version": "2.2.5",
			"dev": true,
			"license": "MIT OR Apache-2.0",
			"bin": {
				"biome": "bin/biome"
			},
			"engines": {
				"node": ">=14.21.3"
			},
			"funding": {
				"type": "opencollective",
				"url": "https://opencollective.com/biome"
			},
			"optionalDependencies": {
				"@biomejs/cli-darwin-arm64": "2.2.5",
				"@biomejs/cli-darwin-x64": "2.2.5",
				"@biomejs/cli-linux-arm64": "2.2.5",
				"@biomejs/cli-linux-arm64-musl": "2.2.5",
				"@biomejs/cli-linux-x64": "2.2.5",
				"@biomejs/cli-linux-x64-musl": "2.2.5",
				"@biomejs/cli-win32-arm64": "2.2.5",
				"@biomejs/cli-win32-x64": "2.2.5"
			}
		},
		"node_modules/@biomejs/cli-win32-x64": {
			"version": "2.2.5",
			"cpu": [
				"x64"
			],
			"dev": true,
			"license": "MIT OR Apache-2.0",
			"optional": true,
			"os": [
				"win32"
			],
			"engines": {
				"node": ">=14.21.3"
			}
		},
		"node_modules/@cspotcode/source-map-support": {
			"version": "0.8.1",
			"license": "MIT",
			"dependencies": {
				"@jridgewell/trace-mapping": "0.3.9"
			},
			"engines": {
				"node": ">=12"
			}
		},
		"node_modules/@drizzle-team/brocli": {
			"version": "0.10.2",
			"dev": true,
			"license": "Apache-2.0"
		},
		"node_modules/@epic-web/invariant": {
			"version": "1.0.0",
			"license": "MIT"
		},
		"node_modules/@esbuild-kit/core-utils": {
			"version": "3.3.2",
			"dev": true,
			"license": "MIT",
			"dependencies": {
				"esbuild": "~0.18.20",
				"source-map-support": "^0.5.21"
			}
		},
		"node_modules/@esbuild-kit/core-utils/node_modules/@esbuild/win32-x64": {
			"version": "0.18.20",
			"cpu": [
				"x64"
			],
			"dev": true,
			"license": "MIT",
			"optional": true,
			"os": [
				"win32"
			],
			"engines": {
				"node": ">=12"
			}
		},
		"node_modules/@esbuild-kit/core-utils/node_modules/esbuild": {
			"version": "0.18.20",
			"dev": true,
			"hasInstallScript": true,
			"license": "MIT",
			"bin": {
				"esbuild": "bin/esbuild"
			},
			"engines": {
				"node": ">=12"
			},
			"optionalDependencies": {
				"@esbuild/android-arm": "0.18.20",
				"@esbuild/android-arm64": "0.18.20",
				"@esbuild/android-x64": "0.18.20",
				"@esbuild/darwin-arm64": "0.18.20",
				"@esbuild/darwin-x64": "0.18.20",
				"@esbuild/freebsd-arm64": "0.18.20",
				"@esbuild/freebsd-x64": "0.18.20",
				"@esbuild/linux-arm": "0.18.20",
				"@esbuild/linux-arm64": "0.18.20",
				"@esbuild/linux-ia32": "0.18.20",
				"@esbuild/linux-loong64": "0.18.20",
				"@esbuild/linux-mips64el": "0.18.20",
				"@esbuild/linux-ppc64": "0.18.20",
				"@esbuild/linux-riscv64": "0.18.20",
				"@esbuild/linux-s390x": "0.18.20",
				"@esbuild/linux-x64": "0.18.20",
				"@esbuild/netbsd-x64": "0.18.20",
				"@esbuild/openbsd-x64": "0.18.20",
				"@esbuild/sunos-x64": "0.18.20",
				"@esbuild/win32-arm64": "0.18.20",
				"@esbuild/win32-ia32": "0.18.20",
				"@esbuild/win32-x64": "0.18.20"
			}
		},
		"node_modules/@esbuild-kit/esm-loader": {
			"version": "2.6.5",
			"dev": true,
			"license": "MIT",
			"dependencies": {
				"@esbuild-kit/core-utils": "^3.3.2",
				"get-tsconfig": "^4.7.0"
			}
		},
		"node_modules/@esbuild/win32-x64": {
			"version": "0.25.10",
			"cpu": [
				"x64"
			],
			"license": "MIT",
			"optional": true,
			"os": [
				"win32"
			],
			"engines": {
				"node": ">=18"
			}
		},
		"node_modules/@fastify/ajv-compiler": {
			"version": "4.0.2",
			"funding": [
				{
					"type": "github",
					"url": "https://github.com/sponsors/fastify"
				},
				{
					"type": "opencollective",
					"url": "https://opencollective.com/fastify"
				}
			],
			"license": "MIT",
			"dependencies": {
				"ajv": "^8.12.0",
				"ajv-formats": "^3.0.1",
				"fast-uri": "^3.0.0"
			}
		},
		"node_modules/@fastify/cors": {
			"version": "11.1.0",
			"funding": [
				{
					"type": "github",
					"url": "https://github.com/sponsors/fastify"
				},
				{
					"type": "opencollective",
					"url": "https://opencollective.com/fastify"
				}
			],
			"license": "MIT",
			"dependencies": {
				"fastify-plugin": "^5.0.0",
				"toad-cache": "^3.7.0"
			}
		},
		"node_modules/@fastify/error": {
			"version": "4.2.0",
			"funding": [
				{
					"type": "github",
					"url": "https://github.com/sponsors/fastify"
				},
				{
					"type": "opencollective",
					"url": "https://opencollective.com/fastify"
				}
			],
			"license": "MIT"
		},
		"node_modules/@fastify/fast-json-stringify-compiler": {
			"version": "5.0.3",
			"funding": [
				{
					"type": "github",
					"url": "https://github.com/sponsors/fastify"
				},
				{
					"type": "opencollective",
					"url": "https://opencollective.com/fastify"
				}
			],
			"license": "MIT",
			"dependencies": {
				"fast-json-stringify": "^6.0.0"
			}
		},
		"node_modules/@fastify/formbody": {
			"version": "8.0.2",
			"funding": [
				{
					"type": "github",
					"url": "https://github.com/sponsors/fastify"
				},
				{
					"type": "opencollective",
					"url": "https://opencollective.com/fastify"
				}
			],
			"license": "MIT",
			"dependencies": {
				"fast-querystring": "^1.1.2",
				"fastify-plugin": "^5.0.0"
			}
		},
		"node_modules/@fastify/forwarded": {
			"version": "3.0.1",
			"funding": [
				{
					"type": "github",
					"url": "https://github.com/sponsors/fastify"
				},
				{
					"type": "opencollective",
					"url": "https://opencollective.com/fastify"
				}
			],
			"license": "MIT"
		},
		"node_modules/@fastify/merge-json-schemas": {
			"version": "0.2.1",
			"funding": [
				{
					"type": "github",
					"url": "https://github.com/sponsors/fastify"
				},
				{
					"type": "opencollective",
					"url": "https://opencollective.com/fastify"
				}
			],
			"license": "MIT",
			"dependencies": {
				"dequal": "^2.0.3"
			}
		},
		"node_modules/@fastify/proxy-addr": {
			"version": "5.1.0",
			"funding": [
				{
					"type": "github",
					"url": "https://github.com/sponsors/fastify"
				},
				{
					"type": "opencollective",
					"url": "https://opencollective.com/fastify"
				}
			],
			"license": "MIT",
			"dependencies": {
				"@fastify/forwarded": "^3.0.0",
				"ipaddr.js": "^2.1.0"
			}
		},
		"node_modules/@fastify/swagger": {
			"version": "9.7.0",
			"resolved": "https://registry.npmjs.org/@fastify/swagger/-/swagger-9.7.0.tgz",
			"integrity": "sha512-Vp1SC1GC2Hrkd3faFILv86BzUNyFz5N4/xdExqtCgkGASOzn/x+eMe4qXIGq7cdT6wif/P/oa6r1Ruqx19paZA==",
			"funding": [
				{
					"type": "github",
					"url": "https://github.com/sponsors/fastify"
				},
				{
					"type": "opencollective",
					"url": "https://opencollective.com/fastify"
				}
			],
			"license": "MIT",
			"peer": true,
			"dependencies": {
				"fastify-plugin": "^5.0.0",
				"json-schema-resolver": "^3.0.0",
				"openapi-types": "^12.1.3",
				"rfdc": "^1.3.1",
				"yaml": "^2.4.2"
			}
		},
		"node_modules/@jridgewell/resolve-uri": {
			"version": "3.1.2",
			"license": "MIT",
			"engines": {
				"node": ">=6.0.0"
			}
		},
		"node_modules/@jridgewell/sourcemap-codec": {
			"version": "1.5.5",
			"license": "MIT"
		},
		"node_modules/@jridgewell/trace-mapping": {
			"version": "0.3.9",
			"license": "MIT",
			"dependencies": {
				"@jridgewell/resolve-uri": "^3.0.3",
				"@jridgewell/sourcemap-codec": "^1.4.10"
			}
		},
		"node_modules/@noble/hashes": {
			"version": "1.8.0",
			"license": "MIT",
			"engines": {
				"node": "^14.21.3 || >=16"
			},
			"funding": {
				"url": "https://paulmillr.com/funding/"
			}
		},
		"node_modules/@paralleldrive/cuid2": {
			"version": "2.2.2",
			"license": "MIT",
			"dependencies": {
				"@noble/hashes": "^1.1.5"
			}
		},
		"node_modules/@phc/format": {
			"version": "1.0.0",
			"license": "MIT",
			"engines": {
				"node": ">=10"
			}
		},
		"node_modules/@tsconfig/node10": {
			"version": "1.0.11",
			"license": "MIT"
		},
		"node_modules/@tsconfig/node12": {
			"version": "1.0.11",
			"license": "MIT"
		},
		"node_modules/@tsconfig/node14": {
			"version": "1.0.3",
			"license": "MIT"
		},
		"node_modules/@tsconfig/node16": {
			"version": "1.0.4",
			"license": "MIT"
		},
		"node_modules/@types/node": {
			"version": "25.2.1",
			"license": "MIT",
			"dependencies": {
				"undici-types": "~7.16.0"
			}
		},
		"node_modules/@types/pg": {
			"version": "8.15.5",
			"devOptional": true,
			"license": "MIT",
			"dependencies": {
				"@types/node": "*",
				"pg-protocol": "*",
				"pg-types": "^2.2.0"
			}
		},
		"node_modules/@types/pg/node_modules/@types/node": {
			"version": "25.2.1",
			"devOptional": true,
			"license": "MIT",
			"dependencies": {
				"undici-types": "~7.16.0"
			}
		},
		"node_modules/abstract-logging": {
			"version": "2.0.1",
			"license": "MIT"
		},
		"node_modules/acorn": {
			"version": "8.15.0",
			"license": "MIT",
			"bin": {
				"acorn": "bin/acorn"
			},
			"engines": {
				"node": ">=0.4.0"
			}
		},
		"node_modules/acorn-walk": {
			"version": "8.3.4",
			"license": "MIT",
			"dependencies": {
				"acorn": "^8.11.0"
			},
			"engines": {
				"node": ">=0.4.0"
			}
		},
		"node_modules/ajv": {
			"version": "8.17.1",
			"license": "MIT",
			"dependencies": {
				"fast-deep-equal": "^3.1.3",
				"fast-uri": "^3.0.1",
				"json-schema-traverse": "^1.0.0",
				"require-from-string": "^2.0.2"
			},
			"funding": {
				"type": "github",
				"url": "https://github.com/sponsors/epoberezkin"
			}
		},
		"node_modules/ajv-formats": {
			"version": "3.0.1",
			"license": "MIT",
			"dependencies": {
				"ajv": "^8.0.0"
			},
			"peerDependencies": {
				"ajv": "^8.0.0"
			},
			"peerDependenciesMeta": {
				"ajv": {
					"optional": true
				}
			}
		},
		"node_modules/arg": {
			"version": "4.1.3",
			"license": "MIT"
		},
		"node_modules/argon2": {
			"version": "0.44.0",
			"hasInstallScript": true,
			"license": "MIT",
			"dependencies": {
				"@phc/format": "^1.0.0",
				"cross-env": "^10.0.0",
				"node-addon-api": "^8.5.0",
				"node-gyp-build": "^4.8.4"
			},
			"engines": {
				"node": ">=16.17.0"
			}
		},
		"node_modules/atomic-sleep": {
			"version": "1.0.0",
			"license": "MIT",
			"engines": {
				"node": ">=8.0.0"
			}
		},
		"node_modules/avvio": {
			"version": "9.1.0",
			"license": "MIT",
			"dependencies": {
				"@fastify/error": "^4.0.0",
				"fastq": "^1.17.1"
			}
		},
		"node_modules/buffer-equal-constant-time": {
			"version": "1.0.1",
			"license": "BSD-3-Clause"
		},
		"node_modules/buffer-from": {
			"version": "1.1.2",
			"dev": true,
			"license": "MIT"
		},
		"node_modules/cookie": {
			"version": "1.0.2",
			"license": "MIT",
			"engines": {
				"node": ">=18"
			}
		},
		"node_modules/create-require": {
			"version": "1.1.1",
			"license": "MIT"
		},
		"node_modules/cross-env": {
			"version": "10.1.0",
			"license": "MIT",
			"dependencies": {
				"@epic-web/invariant": "^1.0.0",
				"cross-spawn": "^7.0.6"
			},
			"bin": {
				"cross-env": "dist/bin/cross-env.js",
				"cross-env-shell": "dist/bin/cross-env-shell.js"
			},
			"engines": {
				"node": ">=20"
			}
		},
		"node_modules/cross-spawn": {
			"version": "7.0.6",
			"license": "MIT",
			"dependencies": {
				"path-key": "^3.1.0",
				"shebang-command": "^2.0.0",
				"which": "^2.0.1"
			},
			"engines": {
				"node": ">= 8"
			}
		},
		"node_modules/dayjs": {
			"version": "1.11.18",
			"license": "MIT"
		},
		"node_modules/debug": {
			"version": "4.4.3",
			"license": "MIT",
			"dependencies": {
				"ms": "^2.1.3"
			},
			"engines": {
				"node": ">=6.0"
			},
			"peerDependenciesMeta": {
				"supports-color": {
					"optional": true
				}
			}
		},
		"node_modules/dequal": {
			"version": "2.0.3",
			"license": "MIT",
			"engines": {
				"node": ">=6"
			}
		},
		"node_modules/diff": {
			"version": "4.0.2",
			"license": "BSD-3-Clause",
			"engines": {
				"node": ">=0.3.1"
			}
		},
		"node_modules/dotenv": {
			"version": "17.2.3",
			"license": "BSD-2-Clause",
			"engines": {
				"node": ">=12"
			},
			"funding": {
				"url": "https://dotenvx.com"
			}
		},
		"node_modules/drizzle-kit": {
			"version": "0.31.5",
			"dev": true,
			"license": "MIT",
			"dependencies": {
				"@drizzle-team/brocli": "^0.10.2",
				"@esbuild-kit/esm-loader": "^2.5.5",
				"esbuild": "^0.25.4",
				"esbuild-register": "^3.5.0"
			},
			"bin": {
				"drizzle-kit": "bin.cjs"
			}
		},
		"node_modules/drizzle-orm": {
			"version": "0.45.1",
			"license": "Apache-2.0",
			"peerDependencies": {
				"@aws-sdk/client-rds-data": ">=3",
				"@cloudflare/workers-types": ">=4",
				"@electric-sql/pglite": ">=0.2.0",
				"@libsql/client": ">=0.10.0",
				"@libsql/client-wasm": ">=0.10.0",
				"@neondatabase/serverless": ">=0.10.0",
				"@op-engineering/op-sqlite": ">=2",
				"@opentelemetry/api": "^1.4.1",
				"@planetscale/database": ">=1.13",
				"@prisma/client": "*",
				"@tidbcloud/serverless": "*",
				"@types/better-sqlite3": "*",
				"@types/pg": "*",
				"@types/sql.js": "*",
				"@upstash/redis": ">=1.34.7",
				"@vercel/postgres": ">=0.8.0",
				"@xata.io/client": "*",
				"better-sqlite3": ">=7",
				"bun-types": "*",
				"expo-sqlite": ">=14.0.0",
				"gel": ">=2",
				"knex": "*",
				"kysely": "*",
				"mysql2": ">=2",
				"pg": ">=8",
				"postgres": ">=3",
				"sql.js": ">=1",
				"sqlite3": ">=5"
			},
			"peerDependenciesMeta": {
				"@aws-sdk/client-rds-data": {
					"optional": true
				},
				"@cloudflare/workers-types": {
					"optional": true
				},
				"@electric-sql/pglite": {
					"optional": true
				},
				"@libsql/client": {
					"optional": true
				},
				"@libsql/client-wasm": {
					"optional": true
				},
				"@neondatabase/serverless": {
					"optional": true
				},
				"@op-engineering/op-sqlite": {
					"optional": true
				},
				"@opentelemetry/api": {
					"optional": true
				},
				"@planetscale/database": {
					"optional": true
				},
				"@prisma/client": {
					"optional": true
				},
				"@tidbcloud/serverless": {
					"optional": true
				},
				"@types/better-sqlite3": {
					"optional": true
				},
				"@types/pg": {
					"optional": true
				},
				"@types/sql.js": {
					"optional": true
				},
				"@upstash/redis": {
					"optional": true
				},
				"@vercel/postgres": {
					"optional": true
				},
				"@xata.io/client": {
					"optional": true
				},
				"better-sqlite3": {
					"optional": true
				},
				"bun-types": {
					"optional": true
				},
				"expo-sqlite": {
					"optional": true
				},
				"gel": {
					"optional": true
				},
				"knex": {
					"optional": true
				},
				"kysely": {
					"optional": true
				},
				"mysql2": {
					"optional": true
				},
				"pg": {
					"optional": true
				},
				"postgres": {
					"optional": true
				},
				"prisma": {
					"optional": true
				},
				"sql.js": {
					"optional": true
				},
				"sqlite3": {
					"optional": true
				}
			}
		},
		"node_modules/ecdsa-sig-formatter": {
			"version": "1.0.11",
			"license": "Apache-2.0",
			"dependencies": {
				"safe-buffer": "^5.0.1"
			}
		},
		"node_modules/esbuild": {
			"version": "0.25.10",
			"hasInstallScript": true,
			"license": "MIT",
			"bin": {
				"esbuild": "bin/esbuild"
			},
			"engines": {
				"node": ">=18"
			},
			"optionalDependencies": {
				"@esbuild/aix-ppc64": "0.25.10",
				"@esbuild/android-arm": "0.25.10",
				"@esbuild/android-arm64": "0.25.10",
				"@esbuild/android-x64": "0.25.10",
				"@esbuild/darwin-arm64": "0.25.10",
				"@esbuild/darwin-x64": "0.25.10",
				"@esbuild/freebsd-arm64": "0.25.10",
				"@esbuild/freebsd-x64": "0.25.10",
				"@esbuild/linux-arm": "0.25.10",
				"@esbuild/linux-arm64": "0.25.10",
				"@esbuild/linux-ia32": "0.25.10",
				"@esbuild/linux-loong64": "0.25.10",
				"@esbuild/linux-mips64el": "0.25.10",
				"@esbuild/linux-ppc64": "0.25.10",
				"@esbuild/linux-riscv64": "0.25.10",
				"@esbuild/linux-s390x": "0.25.10",
				"@esbuild/linux-x64": "0.25.10",
				"@esbuild/netbsd-arm64": "0.25.10",
				"@esbuild/netbsd-x64": "0.25.10",
				"@esbuild/openbsd-arm64": "0.25.10",
				"@esbuild/openbsd-x64": "0.25.10",
				"@esbuild/openharmony-arm64": "0.25.10",
				"@esbuild/sunos-x64": "0.25.10",
				"@esbuild/win32-arm64": "0.25.10",
				"@esbuild/win32-ia32": "0.25.10",
				"@esbuild/win32-x64": "0.25.10"
			}
		},
		"node_modules/esbuild-register": {
			"version": "3.6.0",
			"dev": true,
			"license": "MIT",
			"dependencies": {
				"debug": "^4.3.4"
			},
			"peerDependencies": {
				"esbuild": ">=0.12 <1"
			}
		},
		"node_modules/fast-decode-uri-component": {
			"version": "1.0.1",
			"license": "MIT"
		},
		"node_modules/fast-deep-equal": {
			"version": "3.1.3",
			"license": "MIT"
		},
		"node_modules/fast-json-stringify": {
			"version": "6.1.1",
			"funding": [
				{
					"type": "github",
					"url": "https://github.com/sponsors/fastify"
				},
				{
					"type": "opencollective",
					"url": "https://opencollective.com/fastify"
				}
			],
			"license": "MIT",
			"dependencies": {
				"@fastify/merge-json-schemas": "^0.2.0",
				"ajv": "^8.12.0",
				"ajv-formats": "^3.0.1",
				"fast-uri": "^3.0.0",
				"json-schema-ref-resolver": "^3.0.0",
				"rfdc": "^1.2.0"
			}
		},
		"node_modules/fast-querystring": {
			"version": "1.1.2",
			"license": "MIT",
			"dependencies": {
				"fast-decode-uri-component": "^1.0.1"
			}
		},
		"node_modules/fast-uri": {
			"version": "3.1.0",
			"funding": [
				{
					"type": "github",
					"url": "https://github.com/sponsors/fastify"
				},
				{
					"type": "opencollective",
					"url": "https://opencollective.com/fastify"
				}
			],
			"license": "BSD-3-Clause"
		},
		"node_modules/fastify": {
			"version": "5.6.1",
			"funding": [
				{
					"type": "github",
					"url": "https://github.com/sponsors/fastify"
				},
				{
					"type": "opencollective",
					"url": "https://opencollective.com/fastify"
				}
			],
			"license": "MIT",
			"dependencies": {
				"@fastify/ajv-compiler": "^4.0.0",
				"@fastify/error": "^4.0.0",
				"@fastify/fast-json-stringify-compiler": "^5.0.0",
				"@fastify/proxy-addr": "^5.0.0",
				"abstract-logging": "^2.0.1",
				"avvio": "^9.0.0",
				"fast-json-stringify": "^6.0.0",
				"find-my-way": "^9.0.0",
				"light-my-request": "^6.0.0",
				"pino": "^9.0.0",
				"process-warning": "^5.0.0",
				"rfdc": "^1.3.1",
				"secure-json-parse": "^4.0.0",
				"semver": "^7.6.0",
				"toad-cache": "^3.7.0"
			}
		},
		"node_modules/fastify-plugin": {
			"version": "5.1.0",
			"funding": [
				{
					"type": "github",
					"url": "https://github.com/sponsors/fastify"
				},
				{
					"type": "opencollective",
					"url": "https://opencollective.com/fastify"
				}
			],
			"license": "MIT"
		},
		"node_modules/fastify-type-provider-zod": {
			"version": "6.0.0",
			"license": "MIT",
			"dependencies": {
				"@fastify/error": "^4.2.0"
			},
			"peerDependencies": {
				"@fastify/swagger": ">=9.5.1",
				"fastify": "^5.0.0",
				"openapi-types": "^12.1.3",
				"zod": ">=4.1.5"
			}
		},
		"node_modules/fastq": {
			"version": "1.19.1",
			"license": "ISC",
			"dependencies": {
				"reusify": "^1.0.4"
			}
		},
		"node_modules/find-my-way": {
			"version": "9.3.0",
			"license": "MIT",
			"dependencies": {
				"fast-deep-equal": "^3.1.3",
				"fast-querystring": "^1.0.0",
				"safe-regex2": "^5.0.0"
			},
			"engines": {
				"node": ">=20"
			}
		},
		"node_modules/get-tsconfig": {
			"version": "4.10.1",
			"license": "MIT",
			"dependencies": {
				"resolve-pkg-maps": "^1.0.0"
			},
			"funding": {
				"url": "https://github.com/privatenumber/get-tsconfig?sponsor=1"
			}
		},
		"node_modules/ipaddr.js": {
			"version": "2.2.0",
			"license": "MIT",
			"engines": {
				"node": ">= 10"
			}
		},
		"node_modules/isexe": {
			"version": "2.0.0",
			"license": "ISC"
		},
		"node_modules/json-schema-ref-resolver": {
			"version": "3.0.0",
			"funding": [
				{
					"type": "github",
					"url": "https://github.com/sponsors/fastify"
				},
				{
					"type": "opencollective",
					"url": "https://opencollective.com/fastify"
				}
			],
			"license": "MIT",
			"dependencies": {
				"dequal": "^2.0.3"
			}
		},
		"node_modules/json-schema-resolver": {
			"version": "3.0.0",
			"resolved": "https://registry.npmjs.org/json-schema-resolver/-/json-schema-resolver-3.0.0.tgz",
			"integrity": "sha512-HqMnbz0tz2DaEJ3ntsqtx3ezzZyDE7G56A/pPY/NGmrPu76UzsWquOpHFRAf5beTNXoH2LU5cQePVvRli1nchA==",
			"license": "MIT",
			"peer": true,
			"dependencies": {
				"debug": "^4.1.1",
				"fast-uri": "^3.0.5",
				"rfdc": "^1.1.4"
			},
			"engines": {
				"node": ">=20"
			},
			"funding": {
				"url": "https://github.com/Eomm/json-schema-resolver?sponsor=1"
			}
		},
		"node_modules/json-schema-traverse": {
			"version": "1.0.0",
			"license": "MIT"
		},
		"node_modules/jsonwebtoken": {
			"version": "9.0.2",
			"license": "MIT",
			"dependencies": {
				"jws": "^3.2.2",
				"lodash.includes": "^4.3.0",
				"lodash.isboolean": "^3.0.3",
				"lodash.isinteger": "^4.0.4",
				"lodash.isnumber": "^3.0.3",
				"lodash.isplainobject": "^4.0.6",
				"lodash.isstring": "^4.0.1",
				"lodash.once": "^4.0.0",
				"ms": "^2.1.1",
				"semver": "^7.5.4"
			},
			"engines": {
				"node": ">=12",
				"npm": ">=6"
			}
		},
		"node_modules/jwa": {
			"version": "1.4.2",
			"license": "MIT",
			"dependencies": {
				"buffer-equal-constant-time": "^1.0.1",
				"ecdsa-sig-formatter": "1.0.11",
				"safe-buffer": "^5.0.1"
			}
		},
		"node_modules/jws": {
			"version": "3.2.2",
			"license": "MIT",
			"dependencies": {
				"jwa": "^1.4.1",
				"safe-buffer": "^5.0.1"
			}
		},
		"node_modules/light-my-request": {
			"version": "6.6.0",
			"funding": [
				{
					"type": "github",
					"url": "https://github.com/sponsors/fastify"
				},
				{
					"type": "opencollective",
					"url": "https://opencollective.com/fastify"
				}
			],
			"license": "BSD-3-Clause",
			"dependencies": {
				"cookie": "^1.0.1",
				"process-warning": "^4.0.0",
				"set-cookie-parser": "^2.6.0"
			}
		},
		"node_modules/light-my-request/node_modules/process-warning": {
			"version": "4.0.1",
			"funding": [
				{
					"type": "github",
					"url": "https://github.com/sponsors/fastify"
				},
				{
					"type": "opencollective",
					"url": "https://opencollective.com/fastify"
				}
			],
			"license": "MIT"
		},
		"node_modules/lodash.includes": {
			"version": "4.3.0",
			"license": "MIT"
		},
		"node_modules/lodash.isboolean": {
			"version": "3.0.3",
			"license": "MIT"
		},
		"node_modules/lodash.isinteger": {
			"version": "4.0.4",
			"license": "MIT"
		},
		"node_modules/lodash.isnumber": {
			"version": "3.0.3",
			"license": "MIT"
		},
		"node_modules/lodash.isplainobject": {
			"version": "4.0.6",
			"license": "MIT"
		},
		"node_modules/lodash.isstring": {
			"version": "4.0.1",
			"license": "MIT"
		},
		"node_modules/lodash.once": {
			"version": "4.1.1",
			"license": "MIT"
		},
		"node_modules/make-error": {
			"version": "1.3.6",
			"license": "ISC"
		},
		"node_modules/ms": {
			"version": "2.1.3",
			"license": "MIT"
		},
		"node_modules/node-addon-api": {
			"version": "8.5.0",
			"license": "MIT",
			"engines": {
				"node": "^18 || ^20 || >= 21"
			}
		},
		"node_modules/node-gyp-build": {
			"version": "4.8.4",
			"license": "MIT",
			"bin": {
				"node-gyp-build": "bin.js",
				"node-gyp-build-optional": "optional.js",
				"node-gyp-build-test": "build-test.js"
			}
		},
		"node_modules/on-exit-leak-free": {
			"version": "2.1.2",
			"license": "MIT",
			"engines": {
				"node": ">=14.0.0"
			}
		},
		"node_modules/openapi-types": {
			"version": "12.1.3",
			"resolved": "https://registry.npmjs.org/openapi-types/-/openapi-types-12.1.3.tgz",
			"integrity": "sha512-N4YtSYJqghVu4iek2ZUvcN/0aqH1kRDuNqzcycDxhOUpg7GdvLa2F3DgS6yBNhInhv2r/6I0Flkn7CqL8+nIcw==",
			"license": "MIT",
			"peer": true
		},
		"node_modules/path-key": {
			"version": "3.1.1",
			"license": "MIT",
			"engines": {
				"node": ">=8"
			}
		},
		"node_modules/pg": {
			"version": "8.16.3",
			"license": "MIT",
			"dependencies": {
				"pg-connection-string": "^2.9.1",
				"pg-pool": "^3.10.1",
				"pg-protocol": "^1.10.3",
				"pg-types": "2.2.0",
				"pgpass": "1.0.5"
			},
			"engines": {
				"node": ">= 16.0.0"
			},
			"optionalDependencies": {
				"pg-cloudflare": "^1.2.7"
			},
			"peerDependencies": {
				"pg-native": ">=3.0.1"
			},
			"peerDependenciesMeta": {
				"pg-native": {
					"optional": true
				}
			}
		},
		"node_modules/pg-cloudflare": {
			"version": "1.2.7",
			"license": "MIT",
			"optional": true
		},
		"node_modules/pg-connection-string": {
			"version": "2.9.1",
			"license": "MIT"
		},
		"node_modules/pg-int8": {
			"version": "1.0.1",
			"license": "ISC",
			"engines": {
				"node": ">=4.0.0"
			}
		},
		"node_modules/pg-pool": {
			"version": "3.10.1",
			"license": "MIT",
			"peerDependencies": {
				"pg": ">=8.0"
			}
		},
		"node_modules/pg-protocol": {
			"version": "1.10.3",
			"license": "MIT"
		},
		"node_modules/pg-types": {
			"version": "2.2.0",
			"license": "MIT",
			"dependencies": {
				"pg-int8": "1.0.1",
				"postgres-array": "~2.0.0",
				"postgres-bytea": "~1.0.0",
				"postgres-date": "~1.0.4",
				"postgres-interval": "^1.1.0"
			},
			"engines": {
				"node": ">=4"
			}
		},
		"node_modules/pgpass": {
			"version": "1.0.5",
			"license": "MIT",
			"dependencies": {
				"split2": "^4.1.0"
			}
		},
		"node_modules/pino": {
			"version": "9.12.0",
			"license": "MIT",
			"dependencies": {
				"atomic-sleep": "^1.0.0",
				"on-exit-leak-free": "^2.1.0",
				"pino-abstract-transport": "^2.0.0",
				"pino-std-serializers": "^7.0.0",
				"process-warning": "^5.0.0",
				"quick-format-unescaped": "^4.0.3",
				"real-require": "^0.2.0",
				"safe-stable-stringify": "^2.3.1",
				"slow-redact": "^0.3.0",
				"sonic-boom": "^4.0.1",
				"thread-stream": "^3.0.0"
			},
			"bin": {
				"pino": "bin.js"
			}
		},
		"node_modules/pino-abstract-transport": {
			"version": "2.0.0",
			"license": "MIT",
			"dependencies": {
				"split2": "^4.0.0"
			}
		},
		"node_modules/pino-std-serializers": {
			"version": "7.0.0",
			"license": "MIT"
		},
		"node_modules/postgres": {
			"version": "3.4.7",
			"license": "Unlicense",
			"engines": {
				"node": ">=12"
			},
			"funding": {
				"type": "individual",
				"url": "https://github.com/sponsors/porsager"
			}
		},
		"node_modules/postgres-array": {
			"version": "2.0.0",
			"license": "MIT",
			"engines": {
				"node": ">=4"
			}
		},
		"node_modules/postgres-bytea": {
			"version": "1.0.0",
			"license": "MIT",
			"engines": {
				"node": ">=0.10.0"
			}
		},
		"node_modules/postgres-date": {
			"version": "1.0.7",
			"license": "MIT",
			"engines": {
				"node": ">=0.10.0"
			}
		},
		"node_modules/postgres-interval": {
			"version": "1.2.0",
			"license": "MIT",
			"dependencies": {
				"xtend": "^4.0.0"
			},
			"engines": {
				"node": ">=0.10.0"
			}
		},
		"node_modules/process-warning": {
			"version": "5.0.0",
			"funding": [
				{
					"type": "github",
					"url": "https://github.com/sponsors/fastify"
				},
				{
					"type": "opencollective",
					"url": "https://opencollective.com/fastify"
				}
			],
			"license": "MIT"
		},
		"node_modules/quick-format-unescaped": {
			"version": "4.0.4",
			"license": "MIT"
		},
		"node_modules/real-require": {
			"version": "0.2.0",
			"license": "MIT",
			"engines": {
				"node": ">= 12.13.0"
			}
		},
		"node_modules/require-from-string": {
			"version": "2.0.2",
			"license": "MIT",
			"engines": {
				"node": ">=0.10.0"
			}
		},
		"node_modules/resolve-pkg-maps": {
			"version": "1.0.0",
			"license": "MIT",
			"funding": {
				"url": "https://github.com/privatenumber/resolve-pkg-maps?sponsor=1"
			}
		},
		"node_modules/ret": {
			"version": "0.5.0",
			"license": "MIT",
			"engines": {
				"node": ">=10"
			}
		},
		"node_modules/reusify": {
			"version": "1.1.0",
			"license": "MIT",
			"engines": {
				"iojs": ">=1.0.0",
				"node": ">=0.10.0"
			}
		},
		"node_modules/rfdc": {
			"version": "1.4.1",
			"license": "MIT"
		},
		"node_modules/safe-buffer": {
			"version": "5.2.1",
			"funding": [
				{
					"type": "github",
					"url": "https://github.com/sponsors/feross"
				},
				{
					"type": "patreon",
					"url": "https://www.patreon.com/feross"
				},
				{
					"type": "consulting",
					"url": "https://feross.org/support"
				}
			],
			"license": "MIT"
		},
		"node_modules/safe-regex2": {
			"version": "5.0.0",
			"funding": [
				{
					"type": "github",
					"url": "https://github.com/sponsors/fastify"
				},
				{
					"type": "opencollective",
					"url": "https://opencollective.com/fastify"
				}
			],
			"license": "MIT",
			"dependencies": {
				"ret": "~0.5.0"
			}
		},
		"node_modules/safe-stable-stringify": {
			"version": "2.5.0",
			"license": "MIT",
			"engines": {
				"node": ">=10"
			}
		},
		"node_modules/secure-json-parse": {
			"version": "4.0.0",
			"funding": [
				{
					"type": "github",
					"url": "https://github.com/sponsors/fastify"
				},
				{
					"type": "opencollective",
					"url": "https://opencollective.com/fastify"
				}
			],
			"license": "BSD-3-Clause"
		},
		"node_modules/semver": {
			"version": "7.7.2",
			"license": "ISC",
			"bin": {
				"semver": "bin/semver.js"
			},
			"engines": {
				"node": ">=10"
			}
		},
		"node_modules/set-cookie-parser": {
			"version": "2.7.1",
			"license": "MIT"
		},
		"node_modules/shebang-command": {
			"version": "2.0.0",
			"license": "MIT",
			"dependencies": {
				"shebang-regex": "^3.0.0"
			},
			"engines": {
				"node": ">=8"
			}
		},
		"node_modules/shebang-regex": {
			"version": "3.0.0",
			"license": "MIT",
			"engines": {
				"node": ">=8"
			}
		},
		"node_modules/slow-redact": {
			"version": "0.3.0",
			"license": "MIT"
		},
		"node_modules/sonic-boom": {
			"version": "4.2.0",
			"license": "MIT",
			"dependencies": {
				"atomic-sleep": "^1.0.0"
			}
		},
		"node_modules/source-map": {
			"version": "0.6.1",
			"dev": true,
			"license": "BSD-3-Clause",
			"engines": {
				"node": ">=0.10.0"
			}
		},
		"node_modules/source-map-support": {
			"version": "0.5.21",
			"dev": true,
			"license": "MIT",
			"dependencies": {
				"buffer-from": "^1.0.0",
				"source-map": "^0.6.0"
			}
		},
		"node_modules/split2": {
			"version": "4.2.0",
			"license": "ISC",
			"engines": {
				"node": ">= 10.x"
			}
		},
		"node_modules/thread-stream": {
			"version": "3.1.0",
			"license": "MIT",
			"dependencies": {
				"real-require": "^0.2.0"
			}
		},
		"node_modules/toad-cache": {
			"version": "3.7.0",
			"license": "MIT",
			"engines": {
				"node": ">=12"
			}
		},
		"node_modules/ts-node": {
			"version": "10.9.2",
			"license": "MIT",
			"dependencies": {
				"@cspotcode/source-map-support": "^0.8.0",
				"@tsconfig/node10": "^1.0.7",
				"@tsconfig/node12": "^1.0.7",
				"@tsconfig/node14": "^1.0.0",
				"@tsconfig/node16": "^1.0.2",
				"acorn": "^8.4.1",
				"acorn-walk": "^8.1.1",
				"arg": "^4.1.0",
				"create-require": "^1.1.0",
				"diff": "^4.0.1",
				"make-error": "^1.1.1",
				"v8-compile-cache-lib": "^3.0.1",
				"yn": "3.1.1"
			},
			"bin": {
				"ts-node": "dist/bin.js",
				"ts-node-cwd": "dist/bin-cwd.js",
				"ts-node-esm": "dist/bin-esm.js",
				"ts-node-script": "dist/bin-script.js",
				"ts-node-transpile-only": "dist/bin-transpile.js",
				"ts-script": "dist/bin-script-deprecated.js"
			},
			"peerDependencies": {
				"@swc/core": ">=1.2.50",
				"@swc/wasm": ">=1.2.50",
				"@types/node": "*",
				"typescript": ">=2.7"
			},
			"peerDependenciesMeta": {
				"@swc/core": {
					"optional": true
				},
				"@swc/wasm": {
					"optional": true
				}
			}
		},
		"node_modules/tsx": {
			"version": "4.20.6",
			"license": "MIT",
			"dependencies": {
				"esbuild": "~0.25.0",
				"get-tsconfig": "^4.7.5"
			},
			"bin": {
				"tsx": "dist/cli.mjs"
			},
			"engines": {
				"node": ">=18.0.0"
			},
			"optionalDependencies": {
				"fsevents": "~2.3.3"
			}
		},
		"node_modules/typescript": {
			"version": "5.9.2",
			"license": "Apache-2.0",
			"bin": {
				"tsc": "bin/tsc",
				"tsserver": "bin/tsserver"
			},
			"engines": {
				"node": ">=14.17"
			}
		},
		"node_modules/undici-types": {
			"version": "7.16.0",
			"license": "MIT"
		},
		"node_modules/v8-compile-cache-lib": {
			"version": "3.0.1",
			"license": "MIT"
		},
		"node_modules/which": {
			"version": "2.0.2",
			"license": "ISC",
			"dependencies": {
				"isexe": "^2.0.0"
			},
			"bin": {
				"node-which": "bin/node-which"
			},
			"engines": {
				"node": ">= 8"
			}
		},
		"node_modules/xtend": {
			"version": "4.0.2",
			"license": "MIT",
			"engines": {
				"node": ">=0.4"
			}
		},
		"node_modules/yaml": {
			"version": "2.8.2",
			"resolved": "https://registry.npmjs.org/yaml/-/yaml-2.8.2.tgz",
			"integrity": "sha512-mplynKqc1C2hTVYxd0PU2xQAc22TI1vShAYGksCCfxbn/dFwnHTNi1bvYsBTkhdUNtGIf5xNOg938rrSSYvS9A==",
			"license": "ISC",
			"peer": true,
			"bin": {
				"yaml": "bin.mjs"
			},
			"engines": {
				"node": ">= 14.6"
			},
			"funding": {
				"url": "https://github.com/sponsors/eemeli"
			}
		},
		"node_modules/yn": {
			"version": "3.1.1",
			"license": "MIT",
			"engines": {
				"node": ">=6"
			}
		},
		"node_modules/zod": {
			"version": "4.3.6",
			"license": "MIT",
			"funding": {
				"url": "https://github.com/sponsors/colinhacks"
			}
		},
		"node_modules/zod-to-json-schema": {
			"version": "3.25.1",
			"license": "ISC",
			"peerDependencies": {
				"zod": "^3.25 || ^4"
			}
		}
	}
}
